// !$*UTF8*$!
{
	archiveVersion = 1;
	classes = {
	};
	objectVersion = 77;
	objects = {

/* Begin PBXBuildFile section */
		B944ECC52E2290B600393FAF /* Lottie in Frameworks */ = {isa = PBXBuildFile; productRef = B944ECC42E2290B600393FAF /* Lottie */; };
		B944ECC72E2290CB00393FAF /* Lottie in Frameworks */ = {isa = PBXBuildFile; productRef = B944ECC62E2290CB00393FAF /* Lottie */; };
		B944EDA02E22CA1800393FAF /* IQKeyboardManagerSwift in Frameworks */ = {isa = PBXBuildFile; productRef = B944ED9F2E22CA1800393FAF /* IQKeyboardManagerSwift */; };
/* End PBXBuildFile section */

/* Begin PBXContainerItemProxy section */
		B920E30B2E1F842000AD6C65 /* PBXContainerItemProxy */ = {
			isa = PBXContainerItemProxy;
			containerPortal = B920E2E02E1F82D600AD6C65 /* Project object */;
			proxyType = 1;
			remoteGlobalIDString = B920E2E72E1F82D600AD6C65;
			remoteInfo = "NeuroNote-UIKit";
		};
/* End PBXContainerItemProxy section */

/* Begin PBXFileReference section */
		B920E2E82E1F82D600AD6C65 /* NeuroNote-UIKit.app */ = {isa = PBXFileReference; explicitFileType = wrapper.application; includeInIndex = 0; path = "NeuroNote-UIKit.app"; sourceTree = BUILT_PRODUCTS_DIR; };
		B920E3072E1F842000AD6C65 /* NeuroNote-UIKitTests.xctest */ = {isa = PBXFileReference; explicitFileType = wrapper.cfbundle; includeInIndex = 0; path = "NeuroNote-UIKitTests.xctest"; sourceTree = BUILT_PRODUCTS_DIR; };
/* End PBXFileReference section */

/* Begin PBXFileSystemSynchronizedBuildFileExceptionSet section */
		B920E2FD2E1F82D700AD6C65 /* Exceptions for "NeuroNote-UIKit" folder in "NeuroNote-UIKit" target */ = {
			isa = PBXFileSystemSynchronizedBuildFileExceptionSet;
			membershipExceptions = (
				Info.plist,
			);
			target = B920E2E72E1F82D600AD6C65 /* NeuroNote-UIKit */;
		};
		B944ED982E22991500393FAF /* Exceptions for "NeuroNote-UIKit" folder in "NeuroNote-UIKitTests" target */ = {
			isa = PBXFileSystemSynchronizedBuildFileExceptionSet;
			membershipExceptions = (
				Core/OTP/Models/OTPPurpose.swift,
				"Core/UI/LottieAnimations/angry-star.json",
				"Core/UI/LottieAnimations/birdie-success.json",
				Core/UI/LottieAnimations/clouds.json,
				"Core/UI/LottieAnimations/happy-sun.json",
				Core/UI/LottieAnimations/jetpack.json,
				"Core/UI/LottieAnimations/loading-dots.json",
				"Core/UI/LottieAnimations/lock-success.json",
				"Core/UI/LottieAnimations/night-sky.json",
				"Core/UI/LottieAnimations/no-wifi.json",
				"Core/UI/LottieAnimations/otp-chair.json",
				Core/UI/LottieAnimations/plane.json,
				"Core/UI/LottieAnimations/rotating-moon.json",
				"Core/UI/LottieAnimations/unsure-star.json",
			);
			target = B920E3062E1F842000AD6C65 /* NeuroNote-UIKitTests */;
		};
/* End PBXFileSystemSynchronizedBuildFileExceptionSet section */

/* Begin PBXFileSystemSynchronizedRootGroup section */
		B920E2EA2E1F82D600AD6C65 /* NeuroNote-UIKit */ = {
			isa = PBXFileSystemSynchronizedRootGroup;
			exceptions = (
				B920E2FD2E1F82D700AD6C65 /* Exceptions for "NeuroNote-UIKit" folder in "NeuroNote-UIKit" target */,
				B944ED982E22991500393FAF /* Exceptions for "NeuroNote-UIKit" folder in "NeuroNote-UIKitTests" target */,
			);
			path = "NeuroNote-UIKit";
			sourceTree = "<group>";
		};
		B920E3082E1F842000AD6C65 /* NeuroNote-UIKitTests */ = {
			isa = PBXFileSystemSynchronizedRootGroup;
			path = "NeuroNote-UIKitTests";
			sourceTree = "<group>";
		};
/* End PBXFileSystemSynchronizedRootGroup section */

/* Begin PBXFrameworksBuildPhase section */
		B920E2E52E1F82D600AD6C65 /* Frameworks */ = {
			isa = PBXFrameworksBuildPhase;
			buildActionMask = 2147483647;
			files = (
				B944ECC52E2290B600393FAF /* Lottie in Frameworks */,
				B944EDA02E22CA1800393FAF /* IQKeyboardManagerSwift in Frameworks */,
			);
			runOnlyForDeploymentPostprocessing = 0;
		};
		B920E3042E1F842000AD6C65 /* Frameworks */ = {
			isa = PBXFrameworksBuildPhase;
			buildActionMask = 2147483647;
			files = (
				B944ECC72E2290CB00393FAF /* Lottie in Frameworks */,
			);
			runOnlyForDeploymentPostprocessing = 0;
		};
/* End PBXFrameworksBuildPhase section */

/* Begin PBXGroup section */
		B920E2DF2E1F82D600AD6C65 = {
			isa = PBXGroup;
			children = (
				B920E2EA2E1F82D600AD6C65 /* NeuroNote-UIKit */,
				B920E3082E1F842000AD6C65 /* NeuroNote-UIKitTests */,
				B920E2E92E1F82D600AD6C65 /* Products */,
			);
			sourceTree = "<group>";
		};
		B920E2E92E1F82D600AD6C65 /* Products */ = {
			isa = PBXGroup;
			children = (
				B920E2E82E1F82D600AD6C65 /* NeuroNote-UIKit.app */,
				B920E3072E1F842000AD6C65 /* NeuroNote-UIKitTests.xctest */,
			);
			name = Products;
			sourceTree = "<group>";
		};
/* End PBXGroup section */

/* Begin PBXNativeTarget section */
		B920E2E72E1F82D600AD6C65 /* NeuroNote-UIKit */ = {
			isa = PBXNativeTarget;
			buildConfigurationList = B920E2FE2E1F82D700AD6C65 /* Build configuration list for PBXNativeTarget "NeuroNote-UIKit" */;
			buildPhases = (
				B920E2E42E1F82D600AD6C65 /* Sources */,
				B920E2E52E1F82D600AD6C65 /* Frameworks */,
				B920E2E62E1F82D600AD6C65 /* Resources */,
			);
			buildRules = (
			);
			dependencies = (
			);
			fileSystemSynchronizedGroups = (
				B920E2EA2E1F82D600AD6C65 /* NeuroNote-UIKit */,
			);
			name = "NeuroNote-UIKit";
			packageProductDependencies = (
				B944ECC42E2290B600393FAF /* Lottie */,
				B944ED9F2E22CA1800393FAF /* IQKeyboardManagerSwift */,
			);
			productName = "NeuroNote-UIKit";
			productReference = B920E2E82E1F82D600AD6C65 /* NeuroNote-UIKit.app */;
			productType = "com.apple.product-type.application";
		};
		B920E3062E1F842000AD6C65 /* NeuroNote-UIKitTests */ = {
			isa = PBXNativeTarget;
			buildConfigurationList = B920E30D2E1F842000AD6C65 /* Build configuration list for PBXNativeTarget "NeuroNote-UIKitTests" */;
			buildPhases = (
				B920E3032E1F842000AD6C65 /* Sources */,
				B920E3042E1F842000AD6C65 /* Frameworks */,
				B920E3052E1F842000AD6C65 /* Resources */,
			);
			buildRules = (
			);
			dependencies = (
				B920E30C2E1F842000AD6C65 /* PBXTargetDependency */,
			);
			fileSystemSynchronizedGroups = (
				B920E3082E1F842000AD6C65 /* NeuroNote-UIKitTests */,
			);
			name = "NeuroNote-UIKitTests";
			packageProductDependencies = (
				B944ECC62E2290CB00393FAF /* Lottie */,
			);
			productName = "NeuroNote-UIKitTests";
			productReference = B920E3072E1F842000AD6C65 /* NeuroNote-UIKitTests.xctest */;
			productType = "com.apple.product-type.bundle.unit-test";
		};
/* End PBXNativeTarget section */

/* Begin PBXProject section */
		B920E2E02E1F82D600AD6C65 /* Project object */ = {
			isa = PBXProject;
			attributes = {
				BuildIndependentTargetsInParallel = 1;
				LastSwiftUpdateCheck = 1640;
				LastUpgradeCheck = 2600;
				TargetAttributes = {
					B920E2E72E1F82D600AD6C65 = {
						CreatedOnToolsVersion = 16.4;
					};
					B920E3062E1F842000AD6C65 = {
						CreatedOnToolsVersion = 16.4;
						LastSwiftMigration = 1640;
						TestTargetID = B920E2E72E1F82D600AD6C65;
					};
				};
			};
			buildConfigurationList = B920E2E32E1F82D600AD6C65 /* Build configuration list for PBXProject "NeuroNote-UIKit" */;
			developmentRegion = en;
			hasScannedForEncodings = 0;
			knownRegions = (
				en,
				Base,
			);
			mainGroup = B920E2DF2E1F82D600AD6C65;
			minimizedProjectReferenceProxies = 1;
			packageReferences = (
				B944ECBE2E228F6200393FAF /* XCRemoteSwiftPackageReference "IQKeyboardManager" */,
				B944ECC32E2290B600393FAF /* XCRemoteSwiftPackageReference "lottie-ios" */,
			);
			preferredProjectObjectVersion = 77;
			productRefGroup = B920E2E92E1F82D600AD6C65 /* Products */;
			projectDirPath = "";
			projectRoot = "";
			targets = (
				B920E2E72E1F82D600AD6C65 /* NeuroNote-UIKit */,
				B920E3062E1F842000AD6C65 /* NeuroNote-UIKitTests */,
			);
		};
/* End PBXProject section */

/* Begin PBXResourcesBuildPhase section */
		B920E2E62E1F82D600AD6C65 /* Resources */ = {
			isa = PBXResourcesBuildPhase;
			buildActionMask = 2147483647;
			files = (
			);
			runOnlyForDeploymentPostprocessing = 0;
		};
		B920E3052E1F842000AD6C65 /* Resources */ = {
			isa = PBXResourcesBuildPhase;
			buildActionMask = 2147483647;
			files = (
			);
			runOnlyForDeploymentPostprocessing = 0;
		};
/* End PBXResourcesBuildPhase section */

/* Begin PBXSourcesBuildPhase section */
		B920E2E42E1F82D600AD6C65 /* Sources */ = {
			isa = PBXSourcesBuildPhase;
			buildActionMask = 2147483647;
			files = (
			);
			runOnlyForDeploymentPostprocessing = 0;
		};
		B920E3032E1F842000AD6C65 /* Sources */ = {
			isa = PBXSourcesBuildPhase;
			buildActionMask = 2147483647;
			files = (
			);
			runOnlyForDeploymentPostprocessing = 0;
		};
/* End PBXSourcesBuildPhase section */

/* Begin PBXTargetDependency section */
		B920E30C2E1F842000AD6C65 /* PBXTargetDependency */ = {
			isa = PBXTargetDependency;
			target = B920E2E72E1F82D600AD6C65 /* NeuroNote-UIKit */;
			targetProxy = B920E30B2E1F842000AD6C65 /* PBXContainerItemProxy */;
		};
/* End PBXTargetDependency section */

/* Begin XCBuildConfiguration section */
		B920E2FF2E1F82D700AD6C65 /* Debug */ = {
			isa = XCBuildConfiguration;
			buildSettings = {
				ASSETCATALOG_COMPILER_APPICON_NAME = AppIcon;
				ASSETCATALOG_COMPILER_GLOBAL_ACCENT_COLOR_NAME = AccentColor;
				CODE_SIGN_STYLE = Automatic;
				CURRENT_PROJECT_VERSION = 1;
				DEVELOPMENT_TEAM = 2TSUVG2N5M;
				GENERATE_INFOPLIST_FILE = YES;
				INFOPLIST_FILE = "NeuroNote-UIKit/Info.plist";
				INFOPLIST_KEY_UIApplicationSupportsIndirectInputEvents = YES;
				INFOPLIST_KEY_UILaunchStoryboardName = LaunchScreen;
				INFOPLIST_KEY_UISupportedInterfaceOrientations_iPad = "UIInterfaceOrientationPortrait UIInterfaceOrientationPortraitUpsideDown UIInterfaceOrientationLandscapeLeft UIInterfaceOrientationLandscapeRight";
				INFOPLIST_KEY_UISupportedInterfaceOrientations_iPhone = "UIInterfaceOrientationPortrait UIInterfaceOrientationLandscapeLeft UIInterfaceOrientationLandscapeRight";
				LD_RUNPATH_SEARCH_PATHS = (
					"$(inherited)",
					"@executable_path/Frameworks",
				);
				MARKETING_VERSION = 1.0;
				PRODUCT_BUNDLE_IDENTIFIER = "com.eclipse.NeuroNote-UIKit";
				PRODUCT_NAME = "$(TARGET_NAME)";
				SWIFT_EMIT_LOC_STRINGS = YES;
				SWIFT_VERSION = 5.0;
				TARGETED_DEVICE_FAMILY = "1,2";
			};
			name = Debug;
		};
		B920E3002E1F82D700AD6C65 /* Release */ = {
			isa = XCBuildConfiguration;
			buildSettings = {
				ASSETCATALOG_COMPILER_APPICON_NAME = AppIcon;
				ASSETCATALOG_COMPILER_GLOBAL_ACCENT_COLOR_NAME = AccentColor;
				CODE_SIGN_STYLE = Automatic;
				CURRENT_PROJECT_VERSION = 1;
				DEVELOPMENT_TEAM = 2TSUVG2N5M;
				GENERATE_INFOPLIST_FILE = YES;
				INFOPLIST_FILE = "NeuroNote-UIKit/Info.plist";
				INFOPLIST_KEY_UIApplicationSupportsIndirectInputEvents = YES;
				INFOPLIST_KEY_UILaunchStoryboardName = LaunchScreen;
				INFOPLIST_KEY_UISupportedInterfaceOrientations_iPad = "UIInterfaceOrientationPortrait UIInterfaceOrientationPortraitUpsideDown UIInterfaceOrientationLandscapeLeft UIInterfaceOrientationLandscapeRight";
				INFOPLIST_KEY_UISupportedInterfaceOrientations_iPhone = "UIInterfaceOrientationPortrait UIInterfaceOrientationLandscapeLeft UIInterfaceOrientationLandscapeRight";
				LD_RUNPATH_SEARCH_PATHS = (
					"$(inherited)",
					"@executable_path/Frameworks",
				);
				MARKETING_VERSION = 1.0;
				PRODUCT_BUNDLE_IDENTIFIER = "com.eclipse.NeuroNote-UIKit";
				PRODUCT_NAME = "$(TARGET_NAME)";
				SWIFT_EMIT_LOC_STRINGS = YES;
				SWIFT_VERSION = 5.0;
				TARGETED_DEVICE_FAMILY = "1,2";
			};
			name = Release;
		};
		B920E3012E1F82D700AD6C65 /* Debug */ = {
			isa = XCBuildConfiguration;
			buildSettings = {
				ALWAYS_SEARCH_USER_PATHS = NO;
				ASSETCATALOG_COMPILER_GENERATE_SWIFT_ASSET_SYMBOL_EXTENSIONS = YES;
				CLANG_ANALYZER_NONNULL = YES;
				CLANG_ANALYZER_NUMBER_OBJECT_CONVERSION = YES_AGGRESSIVE;
				CLANG_CXX_LANGUAGE_STANDARD = "gnu++20";
				CLANG_ENABLE_MODULES = YES;
				CLANG_ENABLE_OBJC_ARC = YES;
				CLANG_ENABLE_OBJC_WEAK = YES;
				CLANG_WARN_BLOCK_CAPTURE_AUTORELEASING = YES;
				CLANG_WARN_BOOL_CONVERSION = YES;
				CLANG_WARN_COMMA = YES;
				CLANG_WARN_CONSTANT_CONVERSION = YES;
				CLANG_WARN_DEPRECATED_OBJC_IMPLEMENTATIONS = YES;
				CLANG_WARN_DIRECT_OBJC_ISA_USAGE = YES_ERROR;
				CLANG_WARN_DOCUMENTATION_COMMENTS = YES;
				CLANG_WARN_EMPTY_BODY = YES;
				CLANG_WARN_ENUM_CONVERSION = YES;
				CLANG_WARN_INFINITE_RECURSION = YES;
				CLANG_WARN_INT_CONVERSION = YES;
				CLANG_WARN_NON_LITERAL_NULL_CONVERSION = YES;
				CLANG_WARN_OBJC_IMPLICIT_RETAIN_SELF = YES;
				CLANG_WARN_OBJC_LITERAL_CONVERSION = YES;
				CLANG_WARN_OBJC_ROOT_CLASS = YES_ERROR;
				CLANG_WARN_QUOTED_INCLUDE_IN_FRAMEWORK_HEADER = YES;
				CLANG_WARN_RANGE_LOOP_ANALYSIS = YES;
				CLANG_WARN_STRICT_PROTOTYPES = YES;
				CLANG_WARN_SUSPICIOUS_MOVE = YES;
				CLANG_WARN_UNGUARDED_AVAILABILITY = YES_AGGRESSIVE;
				CLANG_WARN_UNREACHABLE_CODE = YES;
				CLANG_WARN__DUPLICATE_METHOD_MATCH = YES;
				COPY_PHASE_STRIP = NO;
				DEBUG_INFORMATION_FORMAT = dwarf;
				DEVELOPMENT_TEAM = 2TSUVG2N5M;
				ENABLE_STRICT_OBJC_MSGSEND = YES;
				ENABLE_TESTABILITY = YES;
				ENABLE_USER_SCRIPT_SANDBOXING = YES;
				GCC_C_LANGUAGE_STANDARD = gnu17;
				GCC_DYNAMIC_NO_PIC = NO;
				GCC_NO_COMMON_BLOCKS = YES;
				GCC_OPTIMIZATION_LEVEL = 0;
				GCC_PREPROCESSOR_DEFINITIONS = (
					"DEBUG=1",
					"$(inherited)",
				);
				GCC_WARN_64_TO_32_BIT_CONVERSION = YES;
				GCC_WARN_ABOUT_RETURN_TYPE = YES_ERROR;
				GCC_WARN_UNDECLARED_SELECTOR = YES;
				GCC_WARN_UNINITIALIZED_AUTOS = YES_AGGRESSIVE;
				GCC_WARN_UNUSED_FUNCTION = YES;
				GCC_WARN_UNUSED_VARIABLE = YES;
				IPHONEOS_DEPLOYMENT_TARGET = 18.5;
				LOCALIZATION_PREFERS_STRING_CATALOGS = YES;
				MTL_ENABLE_DEBUG_INFO = INCLUDE_SOURCE;
				MTL_FAST_MATH = YES;
				ONLY_ACTIVE_ARCH = YES;
				SDKROOT = iphoneos;
				STRING_CATALOG_GENERATE_SYMBOLS = YES;
				SWIFT_ACTIVE_COMPILATION_CONDITIONS = "DEBUG $(inherited)";
				SWIFT_OPTIMIZATION_LEVEL = "-Onone";
			};
			name = Debug;
		};
		B920E3022E1F82D700AD6C65 /* Release */ = {
			isa = XCBuildConfiguration;
			buildSettings = {
				ALWAYS_SEARCH_USER_PATHS = NO;
				ASSETCATALOG_COMPILER_GENERATE_SWIFT_ASSET_SYMBOL_EXTENSIONS = YES;
				CLANG_ANALYZER_NONNULL = YES;
				CLANG_ANALYZER_NUMBER_OBJECT_CONVERSION = YES_AGGRESSIVE;
				CLANG_CXX_LANGUAGE_STANDARD = "gnu++20";
				CLANG_ENABLE_MODULES = YES;
				CLANG_ENABLE_OBJC_ARC = YES;
				CLANG_ENABLE_OBJC_WEAK = YES;
				CLANG_WARN_BLOCK_CAPTURE_AUTORELEASING = YES;
				CLANG_WARN_BOOL_CONVERSION = YES;
				CLANG_WARN_COMMA = YES;
				CLANG_WARN_CONSTANT_CONVERSION = YES;
				CLANG_WARN_DEPRECATED_OBJC_IMPLEMENTATIONS = YES;
				CLANG_WARN_DIRECT_OBJC_ISA_USAGE = YES_ERROR;
				CLANG_WARN_DOCUMENTATION_COMMENTS = YES;
				CLANG_WARN_EMPTY_BODY = YES;
				CLANG_WARN_ENUM_CONVERSION = YES;
				CLANG_WARN_INFINITE_RECURSION = YES;
				CLANG_WARN_INT_CONVERSION = YES;
				CLANG_WARN_NON_LITERAL_NULL_CONVERSION = YES;
				CLANG_WARN_OBJC_IMPLICIT_RETAIN_SELF = YES;
				CLANG_WARN_OBJC_LITERAL_CONVERSION = YES;
				CLANG_WARN_OBJC_ROOT_CLASS = YES_ERROR;
				CLANG_WARN_QUOTED_INCLUDE_IN_FRAMEWORK_HEADER = YES;
				CLANG_WARN_RANGE_LOOP_ANALYSIS = YES;
				CLANG_WARN_STRICT_PROTOTYPES = YES;
				CLANG_WARN_SUSPICIOUS_MOVE = YES;
				CLANG_WARN_UNGUARDED_AVAILABILITY = YES_AGGRESSIVE;
				CLANG_WARN_UNREACHABLE_CODE = YES;
				CLANG_WARN__DUPLICATE_METHOD_MATCH = YES;
				COPY_PHASE_STRIP = NO;
				DEBUG_INFORMATION_FORMAT = "dwarf-with-dsym";
				DEVELOPMENT_TEAM = 2TSUVG2N5M;
				ENABLE_NS_ASSERTIONS = NO;
				ENABLE_STRICT_OBJC_MSGSEND = YES;
				ENABLE_USER_SCRIPT_SANDBOXING = YES;
				GCC_C_LANGUAGE_STANDARD = gnu17;
				GCC_NO_COMMON_BLOCKS = YES;
				GCC_WARN_64_TO_32_BIT_CONVERSION = YES;
				GCC_WARN_ABOUT_RETURN_TYPE = YES_ERROR;
				GCC_WARN_UNDECLARED_SELECTOR = YES;
				GCC_WARN_UNINITIALIZED_AUTOS = YES_AGGRESSIVE;
				GCC_WARN_UNUSED_FUNCTION = YES;
				GCC_WARN_UNUSED_VARIABLE = YES;
				IPHONEOS_DEPLOYMENT_TARGET = 18.5;
				LOCALIZATION_PREFERS_STRING_CATALOGS = YES;
				MTL_ENABLE_DEBUG_INFO = NO;
				MTL_FAST_MATH = YES;
				SDKROOT = iphoneos;
				STRING_CATALOG_GENERATE_SYMBOLS = YES;
				SWIFT_COMPILATION_MODE = wholemodule;
				VALIDATE_PRODUCT = YES;
			};
			name = Release;
		};
		B920E30E2E1F842000AD6C65 /* Debug */ = {
			isa = XCBuildConfiguration;
			buildSettings = {
				BUNDLE_LOADER = "$(TEST_HOST)";
				CLANG_ENABLE_MODULES = YES;
				CODE_SIGN_STYLE = Automatic;
				CURRENT_PROJECT_VERSION = 1;
				DEVELOPMENT_TEAM = 2TSUVG2N5M;
				GENERATE_INFOPLIST_FILE = YES;
				MARKETING_VERSION = 1.0;
				PRODUCT_BUNDLE_IDENTIFIER = "com.eclipse.NeuroNote-UIKitTests";
				PRODUCT_NAME = "$(TARGET_NAME)";
				SWIFT_EMIT_LOC_STRINGS = NO;
				SWIFT_OPTIMIZATION_LEVEL = "-Onone";
				SWIFT_VERSION = 5.0;
				TARGETED_DEVICE_FAMILY = "1,2";
				TEST_HOST = "$(BUILT_PRODUCTS_DIR)/NeuroNote-UIKit.app/$(BUNDLE_EXECUTABLE_FOLDER_PATH)/NeuroNote-UIKit";
			};
			name = Debug;
		};
		B920E30F2E1F842000AD6C65 /* Release */ = {
			isa = XCBuildConfiguration;
			buildSettings = {
				BUNDLE_LOADER = "$(TEST_HOST)";
				CLANG_ENABLE_MODULES = YES;
				CODE_SIGN_STYLE = Automatic;
				CURRENT_PROJECT_VERSION = 1;
				DEVELOPMENT_TEAM = 2TSUVG2N5M;
				GENERATE_INFOPLIST_FILE = YES;
				MARKETING_VERSION = 1.0;
				PRODUCT_BUNDLE_IDENTIFIER = "com.eclipse.NeuroNote-UIKitTests";
				PRODUCT_NAME = "$(TARGET_NAME)";
				SWIFT_EMIT_LOC_STRINGS = NO;
				SWIFT_VERSION = 5.0;
				TARGETED_DEVICE_FAMILY = "1,2";
				TEST_HOST = "$(BUILT_PRODUCTS_DIR)/NeuroNote-UIKit.app/$(BUNDLE_EXECUTABLE_FOLDER_PATH)/NeuroNote-UIKit";
			};
			name = Release;
		};
/* End XCBuildConfiguration section */

/* Begin XCConfigurationList section */
		B920E2E32E1F82D600AD6C65 /* Build configuration list for PBXProject "NeuroNote-UIKit" */ = {
			isa = XCConfigurationList;
			buildConfigurations = (
				B920E3012E1F82D700AD6C65 /* Debug */,
				B920E3022E1F82D700AD6C65 /* Release */,
			);
			defaultConfigurationIsVisible = 0;
			defaultConfigurationName = Release;
		};
		B920E2FE2E1F82D700AD6C65 /* Build configuration list for PBXNativeTarget "NeuroNote-UIKit" */ = {
			isa = XCConfigurationList;
			buildConfigurations = (
				B920E2FF2E1F82D700AD6C65 /* Debug */,
				B920E3002E1F82D700AD6C65 /* Release */,
			);
			defaultConfigurationIsVisible = 0;
			defaultConfigurationName = Release;
		};
		B920E30D2E1F842000AD6C65 /* Build configuration list for PBXNativeTarget "NeuroNote-UIKitTests" */ = {
			isa = XCConfigurationList;
			buildConfigurations = (
				B920E30E2E1F842000AD6C65 /* Debug */,
				B920E30F2E1F842000AD6C65 /* Release */,
			);
			defaultConfigurationIsVisible = 0;
			defaultConfigurationName = Release;
		};
/* End XCConfigurationList section */

/* Begin XCRemoteSwiftPackageReference section */
		B944ECBE2E228F6200393FAF /* XCRemoteSwiftPackageReference "IQKeyboardManager" */ = {
			isa = XCRemoteSwiftPackageReference;
			repositoryURL = "https://github.com/hackiftekhar/IQKeyboardManager.git";
			requirement = {
				kind = upToNextMajorVersion;
				minimumVersion = 8.0.1;
			};
		};
		B944ECC32E2290B600393FAF /* XCRemoteSwiftPackageReference "lottie-ios" */ = {
			isa = XCRemoteSwiftPackageReference;
			repositoryURL = "https://github.com/airbnb/lottie-ios";
			requirement = {
				kind = upToNextMajorVersion;
				minimumVersion = 4.5.2;
			};
		};
/* End XCRemoteSwiftPackageReference section */

/* Begin XCSwiftPackageProductDependency section */
		B944ECC42E2290B600393FAF /* Lottie */ = {
			isa = XCSwiftPackageProductDependency;
			package = B944ECC32E2290B600393FAF /* XCRemoteSwiftPackageReference "lottie-ios" */;
			productName = Lottie;
		};
		B944ECC62E2290CB00393FAF /* Lottie */ = {
			isa = XCSwiftPackageProductDependency;
			package = B944ECC32E2290B600393FAF /* XCRemoteSwiftPackageReference "lottie-ios" */;
			productName = Lottie;
		};
		B944ED9F2E22CA1800393FAF /* IQKeyboardManagerSwift */ = {
			isa = XCSwiftPackageProductDependency;
			package = B944ECBE2E228F6200393FAF /* XCRemoteSwiftPackageReference "IQKeyboardManager" */;
			productName = IQKeyboardManagerSwift;
		};
/* End XCSwiftPackageProductDependency section */
	};
	rootObject = B920E2E02E1F82D600AD6C65 /* Project object */;
}
